
Microsoft Visual Studio Solution File, Format Version 12.00
# Visual Studio Version 17
VisualStudioVersion = 17.4.33122.133
MinimumVisualStudioVersion = 10.0.40219.1
Project("{9A19103F-16F7-4668-BE54-9A1E7A4F7556}") = "npsParser.cs", "npsParser.cs\npsParser.cs.csproj", "{DEE726B0-4646-4095-85B4-A06799AE91BB}"
EndProject
Project("{9A19103F-16F7-4668-BE54-9A1E7A4F7556}") = "npsParser.parser", "npsParser.parser\npsParser.parser.csproj", "{A8C0C1FC-39A5-4563-B012-130111F5AA5A}"
EndProject
Project("{9A19103F-16F7-4668-BE54-9A1E7A4F7556}") = "npsParser.translator", "npsParser.translator\npsParser.translator.csproj", "{E99E3202-D2F7-4DC1-BF23-6177E248E072}"
EndProject
Project("{9A19103F-16F7-4668-BE54-9A1E7A4F7556}") = "npsParser.base", "npsParser.base\npsParser.base.csproj", "{8A8548FC-BE3C-45A8-BA71-AB1D0DB14CA8}"
EndProject
Project("{2150E333-8FDC-42A3-9474-1A3956D46DE8}") = "Tests", "Tests", "{6DF56A9D-421E-4C26-A4E2-ED9ECF6DFC83}"
EndProject
Project("{FAE04EC0-301F-11D3-BF4B-00C04F79EFBC}") = "npsParser.test.cppTranslatorBasics", "npsParser.test.cppTranslatorBasics\npsParser.test.cppTranslatorBasics.csproj", "{AA83EF54-1621-4F87-83D7-E05E3F687A07}"
EndProject
Global
	GlobalSection(SolutionConfigurationPlatforms) = preSolution
		Debug|Any CPU = Debug|Any CPU
		Release|Any CPU = Release|Any CPU
	EndGlobalSection
	GlobalSection(ProjectConfigurationPlatforms) = postSolution
		{DEE726B0-4646-4095-85B4-A06799AE91BB}.Debug|Any CPU.ActiveCfg = Debug|Any CPU
		{DEE726B0-4646-4095-85B4-A06799AE91BB}.Debug|Any CPU.Build.0 = Debug|Any CPU
		{DEE726B0-4646-4095-85B4-A06799AE91BB}.Release|Any CPU.ActiveCfg = Release|Any CPU
		{DEE726B0-4646-4095-85B4-A06799AE91BB}.Release|Any CPU.Build.0 = Release|Any CPU
		{07F054E8-F5A8-4ED0-B23A-46C2EB06F50F}.Debug|Any CPU.ActiveCfg = Debug|Any CPU
		{07F054E8-F5A8-4ED0-B23A-46C2EB06F50F}.Debug|Any CPU.Build.0 = Debug|Any CPU
		{07F054E8-F5A8-4ED0-B23A-46C2EB06F50F}.Release|Any CPU.ActiveCfg = Release|Any CPU
		{07F054E8-F5A8-4ED0-B23A-46C2EB06F50F}.Release|Any CPU.Build.0 = Release|Any CPU
		{A8C0C1FC-39A5-4563-B012-130111F5AA5A}.Debug|Any CPU.ActiveCfg = Debug|Any CPU
		{A8C0C1FC-39A5-4563-B012-130111F5AA5A}.Debug|Any CPU.Build.0 = Debug|Any CPU
		{A8C0C1FC-39A5-4563-B012-130111F5AA5A}.Release|Any CPU.ActiveCfg = Release|Any CPU
		{A8C0C1FC-39A5-4563-B012-130111F5AA5A}.Release|Any CPU.Build.0 = Release|Any CPU
		{E99E3202-D2F7-4DC1-BF23-6177E248E072}.Debug|Any CPU.ActiveCfg = Debug|Any CPU
		{E99E3202-D2F7-4DC1-BF23-6177E248E072}.Debug|Any CPU.Build.0 = Debug|Any CPU
		{E99E3202-D2F7-4DC1-BF23-6177E248E072}.Release|Any CPU.ActiveCfg = Release|Any CPU
		{E99E3202-D2F7-4DC1-BF23-6177E248E072}.Release|Any CPU.Build.0 = Release|Any CPU
		{8A8548FC-BE3C-45A8-BA71-AB1D0DB14CA8}.Debug|Any CPU.ActiveCfg = Debug|Any CPU
		{8A8548FC-BE3C-45A8-BA71-AB1D0DB14CA8}.Debug|Any CPU.Build.0 = Debug|Any CPU
		{8A8548FC-BE3C-45A8-BA71-AB1D0DB14CA8}.Release|Any CPU.ActiveCfg = Release|Any CPU
		{8A8548FC-BE3C-45A8-BA71-AB1D0DB14CA8}.Release|Any CPU.Build.0 = Release|Any CPU
		{AA83EF54-1621-4F87-83D7-E05E3F687A07}.Debug|Any CPU.ActiveCfg = Debug|Any CPU
		{AA83EF54-1621-4F87-83D7-E05E3F687A07}.Debug|Any CPU.Build.0 = Debug|Any CPU
		{AA83EF54-1621-4F87-83D7-E05E3F687A07}.Release|Any CPU.ActiveCfg = Release|Any CPU
		{AA83EF54-1621-4F87-83D7-E05E3F687A07}.Release|Any CPU.Build.0 = Release|Any CPU
	EndGlobalSection
	GlobalSection(SolutionProperties) = preSolution
		HideSolutionNode = FALSE
	EndGlobalSection
	GlobalSection(NestedProjects) = preSolution
		{AA83EF54-1621-4F87-83D7-E05E3F687A07} = {6DF56A9D-421E-4C26-A4E2-ED9ECF6DFC83}
	EndGlobalSection
	GlobalSection(ExtensibilityGlobals) = postSolution
		SolutionGuid = {236D9CCA-9A61-4950-92C8-9DD7EDEA4689}
	EndGlobalSection
EndGlobal
